Microsoft Visual Studio Solution File, Format Version 12.00
# Visual Studio Version 17
VisualStudioVersion = 17.0.31611.283
MinimumVisualStudioVersion = 10.0.40219.1
Project("{9A19103F-16F7-4668-BE54-9A1E7A4F7556}") = "TurtleGraphicsBlazor", "TurtleGraphicsBlazor\TurtleGraphicsBlazor.csproj", "{7E25616F-DEE8-437D-8A2D-845AF472000C}"
EndProject
Project("{2150E333-8FDC-42A3-9474-1A3956D46DE8}") = "Solution Items", "Solution Items", "{7681481E-293D-4456-AF2C-FACBA09C7896}"
	ProjectSection(SolutionItems) = preProject
		publish-andriod.ps1 = publish-andriod.ps1
	EndProjectSection
EndProject
Global
	GlobalSection(SolutionConfigurationPlatforms) = preSolution
		Debug|Any CPU = Debug|Any CPU
		Release|Any CPU = Release|Any CPU
	EndGlobalSection
	GlobalSection(ProjectConfigurationPlatforms) = postSolution
		{7E25616F-DEE8-437D-8A2D-845AF472000C}.Debug|Any CPU.ActiveCfg = Debug|Any CPU
		{7E25616F-DEE8-437D-8A2D-845AF472000C}.Debug|Any CPU.Build.0 = Debug|Any CPU
		{7E25616F-DEE8-437D-8A2D-845AF472000C}.Debug|Any CPU.Deploy.0 = Debug|Any CPU
		{7E25616F-DEE8-437D-8A2D-845AF472000C}.Release|Any CPU.ActiveCfg = Release|Any CPU
		{7E25616F-DEE8-437D-8A2D-845AF472000C}.Release|Any CPU.Build.0 = Release|Any CPU
		{7E25616F-DEE8-437D-8A2D-845AF472000C}.Release|Any CPU.Deploy.0 = Release|Any CPU
	EndGlobalSection
	GlobalSection(SolutionProperties) = preSolution
		HideSolutionNode = FALSE
	EndGlobalSection
	GlobalSection(ExtensibilityGlobals) = postSolution
		SolutionGuid = {61F7FB11-1E47-470C-91E2-47F8143E1572}
	EndGlobalSection
EndGlobal
